
Microsoft Visual Studio Solution File, Format Version 12.00
# Visual Studio Version 17
VisualStudioVersion = 17.7.34031.279
MinimumVisualStudioVersion = 10.0.40219.1
Project("{9A19103F-16F7-4668-BE54-9A1E7A4F7556}") = "CalculatorSolution", "CalculatorSolution\CalculatorSolution.csproj", "{9117BFDD-0576-4CA0-A73F-29CC7C4C95CA}"
EndProject
Project("{FAE04EC0-301F-11D3-BF4B-00C04F79EFBC}") = "CalculatorTests", "CalculatorTests\CalculatorTests.csproj", "{DD5EBD99-72D8-4375-992F-86F9B23D357E}"
EndProject
Global
	GlobalSection(SolutionConfigurationPlatforms) = preSolution
		Debug|Any CPU = Debug|Any CPU
		Release|Any CPU = Release|Any CPU
	EndGlobalSection
	GlobalSection(ProjectConfigurationPlatforms) = postSolution
		{9117BFDD-0576-4CA0-A73F-29CC7C4C95CA}.Debug|Any CPU.ActiveCfg = Debug|Any CPU
		{9117BFDD-0576-4CA0-A73F-29CC7C4C95CA}.Debug|Any CPU.Build.0 = Debug|Any CPU
		{9117BFDD-0576-4CA0-A73F-29CC7C4C95CA}.Release|Any CPU.ActiveCfg = Release|Any CPU
		{9117BFDD-0576-4CA0-A73F-29CC7C4C95CA}.Release|Any CPU.Build.0 = Release|Any CPU
		{DD5EBD99-72D8-4375-992F-86F9B23D357E}.Debug|Any CPU.ActiveCfg = Debug|Any CPU
		{DD5EBD99-72D8-4375-992F-86F9B23D357E}.Debug|Any CPU.Build.0 = Debug|Any CPU
		{DD5EBD99-72D8-4375-992F-86F9B23D357E}.Release|Any CPU.ActiveCfg = Release|Any CPU
		{DD5EBD99-72D8-4375-992F-86F9B23D357E}.Release|Any CPU.Build.0 = Release|Any CPU
	EndGlobalSection
	GlobalSection(SolutionProperties) = preSolution
		HideSolutionNode = FALSE
	EndGlobalSection
	GlobalSection(ExtensibilityGlobals) = postSolution
		SolutionGuid = {E1173341-A7A1-4D2D-922A-758A31B4EE9B}
	EndGlobalSection
EndGlobal
